
Microsoft Visual Studio Solution File, Format Version 12.00
# Visual Studio 15
VisualStudioVersion = 15.0.28307.421
MinimumVisualStudioVersion = 10.0.40219.1
Project("{9A19103F-16F7-4668-BE54-9A1E7A4F7556}") = "ProductRating.Web", "ProductRating.Web\ProductRating.Web.csproj", "{55306153-0DC0-49D1-8D82-10996D2E720C}"
EndProject
Project("{9A19103F-16F7-4668-BE54-9A1E7A4F7556}") = "ProductRating.Bll", "ProductRating.Bll\ProductRating.Bll.csproj", "{5E54EFA5-8E16-4FEF-9F12-59DEE0D19D65}"
EndProject
Project("{9A19103F-16F7-4668-BE54-9A1E7A4F7556}") = "ProductRating.Dal", "ProductRating.Dal\ProductRating.Dal.csproj", "{53CED049-195B-4D94-9BA3-238358C6A6C4}"
EndProject
Project("{9A19103F-16F7-4668-BE54-9A1E7A4F7556}") = "ProductRating.Model", "ProductRating.Model\ProductRating.Model.csproj", "{6E756154-6D7D-470E-AFCD-013DF7E053F2}"
EndProject
Project("{FAE04EC0-301F-11D3-BF4B-00C04F79EFBC}") = "ProductRating.Common", "ProductRating.Common\ProductRating.Common.csproj", "{9948716D-09B0-4902-A061-2FB7AABD8193}"
EndProject
Global
	GlobalSection(SolutionConfigurationPlatforms) = preSolution
		Debug|Any CPU = Debug|Any CPU
		Release|Any CPU = Release|Any CPU
	EndGlobalSection
	GlobalSection(ProjectConfigurationPlatforms) = postSolution
		{55306153-0DC0-49D1-8D82-10996D2E720C}.Debug|Any CPU.ActiveCfg = Debug|Any CPU
		{55306153-0DC0-49D1-8D82-10996D2E720C}.Debug|Any CPU.Build.0 = Debug|Any CPU
		{55306153-0DC0-49D1-8D82-10996D2E720C}.Release|Any CPU.ActiveCfg = Release|Any CPU
		{55306153-0DC0-49D1-8D82-10996D2E720C}.Release|Any CPU.Build.0 = Release|Any CPU
		{5E54EFA5-8E16-4FEF-9F12-59DEE0D19D65}.Debug|Any CPU.ActiveCfg = Debug|Any CPU
		{5E54EFA5-8E16-4FEF-9F12-59DEE0D19D65}.Debug|Any CPU.Build.0 = Debug|Any CPU
		{5E54EFA5-8E16-4FEF-9F12-59DEE0D19D65}.Release|Any CPU.ActiveCfg = Release|Any CPU
		{5E54EFA5-8E16-4FEF-9F12-59DEE0D19D65}.Release|Any CPU.Build.0 = Release|Any CPU
		{53CED049-195B-4D94-9BA3-238358C6A6C4}.Debug|Any CPU.ActiveCfg = Debug|Any CPU
		{53CED049-195B-4D94-9BA3-238358C6A6C4}.Debug|Any CPU.Build.0 = Debug|Any CPU
		{53CED049-195B-4D94-9BA3-238358C6A6C4}.Release|Any CPU.ActiveCfg = Release|Any CPU
		{53CED049-195B-4D94-9BA3-238358C6A6C4}.Release|Any CPU.Build.0 = Release|Any CPU
		{6E756154-6D7D-470E-AFCD-013DF7E053F2}.Debug|Any CPU.ActiveCfg = Debug|Any CPU
		{6E756154-6D7D-470E-AFCD-013DF7E053F2}.Debug|Any CPU.Build.0 = Debug|Any CPU
		{6E756154-6D7D-470E-AFCD-013DF7E053F2}.Release|Any CPU.ActiveCfg = Release|Any CPU
		{6E756154-6D7D-470E-AFCD-013DF7E053F2}.Release|Any CPU.Build.0 = Release|Any CPU
		{9948716D-09B0-4902-A061-2FB7AABD8193}.Debug|Any CPU.ActiveCfg = Debug|Any CPU
		{9948716D-09B0-4902-A061-2FB7AABD8193}.Debug|Any CPU.Build.0 = Debug|Any CPU
		{9948716D-09B0-4902-A061-2FB7AABD8193}.Release|Any CPU.ActiveCfg = Release|Any CPU
		{9948716D-09B0-4902-A061-2FB7AABD8193}.Release|Any CPU.Build.0 = Release|Any CPU
	EndGlobalSection
	GlobalSection(SolutionProperties) = preSolution
		HideSolutionNode = FALSE
	EndGlobalSection
	GlobalSection(ExtensibilityGlobals) = postSolution
		SolutionGuid = {7C63599F-43C0-484C-97D3-9BD042D73E53}
	EndGlobalSection
EndGlobal
